
Microsoft Visual Studio Solution File, Format Version 12.00
# Visual Studio Version 17
VisualStudioVersion = 17.8.34601.278
MinimumVisualStudioVersion = 10.0.40219.1
Project("{FAE04EC0-301F-11D3-BF4B-00C04F79EFBC}") = "01Exception", "01Exception\01Exception.csproj", "{40BD2918-F55F-434D-B2FE-56BBCB9ECCE2}"
EndProject
Global
	GlobalSection(SolutionConfigurationPlatforms) = preSolution
		Debug|Any CPU = Debug|Any CPU
		Release|Any CPU = Release|Any CPU
	EndGlobalSection
	GlobalSection(ProjectConfigurationPlatforms) = postSolution
		{40BD2918-F55F-434D-B2FE-56BBCB9ECCE2}.Debug|Any CPU.ActiveCfg = Debug|Any CPU
		{40BD2918-F55F-434D-B2FE-56BBCB9ECCE2}.Debug|Any CPU.Build.0 = Debug|Any CPU
		{40BD2918-F55F-434D-B2FE-56BBCB9ECCE2}.Release|Any CPU.ActiveCfg = Release|Any CPU
		{40BD2918-F55F-434D-B2FE-56BBCB9ECCE2}.Release|Any CPU.Build.0 = Release|Any CPU
	EndGlobalSection
	GlobalSection(SolutionProperties) = preSolution
		HideSolutionNode = FALSE
	EndGlobalSection
	GlobalSection(ExtensibilityGlobals) = postSolution
		SolutionGuid = {6688E387-0742-460A-B0CB-3D4B3AEBB2F9}
	EndGlobalSection
EndGlobal
