
Microsoft Visual Studio Solution File, Format Version 12.00
# Visual Studio Version 17
VisualStudioVersion = 17.8.34511.84
MinimumVisualStudioVersion = 10.0.40219.1
Project("{FAE04EC0-301F-11D3-BF4B-00C04F79EFBC}") = "01Base", "01Base\01Base.csproj", "{34C8D627-BCD2-4081-861C-352732372B57}"
EndProject
Project("{FAE04EC0-301F-11D3-BF4B-00C04F79EFBC}") = "02Type", "02Type\02Type.csproj", "{FBA6D162-EB16-4761-A57C-0539425B62B6}"
EndProject
Global
	GlobalSection(SolutionConfigurationPlatforms) = preSolution
		Debug|Any CPU = Debug|Any CPU
		Release|Any CPU = Release|Any CPU
	EndGlobalSection
	GlobalSection(ProjectConfigurationPlatforms) = postSolution
		{34C8D627-BCD2-4081-861C-352732372B57}.Debug|Any CPU.ActiveCfg = Debug|Any CPU
		{34C8D627-BCD2-4081-861C-352732372B57}.Debug|Any CPU.Build.0 = Debug|Any CPU
		{34C8D627-BCD2-4081-861C-352732372B57}.Release|Any CPU.ActiveCfg = Release|Any CPU
		{34C8D627-BCD2-4081-861C-352732372B57}.Release|Any CPU.Build.0 = Release|Any CPU
		{FBA6D162-EB16-4761-A57C-0539425B62B6}.Debug|Any CPU.ActiveCfg = Debug|Any CPU
		{FBA6D162-EB16-4761-A57C-0539425B62B6}.Debug|Any CPU.Build.0 = Debug|Any CPU
		{FBA6D162-EB16-4761-A57C-0539425B62B6}.Release|Any CPU.ActiveCfg = Release|Any CPU
		{FBA6D162-EB16-4761-A57C-0539425B62B6}.Release|Any CPU.Build.0 = Release|Any CPU
	EndGlobalSection
	GlobalSection(SolutionProperties) = preSolution
		HideSolutionNode = FALSE
	EndGlobalSection
	GlobalSection(ExtensibilityGlobals) = postSolution
		SolutionGuid = {A7F3827E-F81E-46E8-8EB1-39BBF0096F71}
	EndGlobalSection
EndGlobal
